PODS:
  - JSQMessagesViewController (5.0.4):
    - JSQSystemSoundPlayer
  - JSQSystemSoundPlayer (1.5.2)
  - MQTTKit (0.1.0-next)

DEPENDENCIES:
  - JSQMessagesViewController
  - MQTTKit (from `https://github.com/mobile-web-messaging/MQTTKit.git`)

EXTERNAL SOURCES:
  MQTTKit:
    :git: https://github.com/mobile-web-messaging/MQTTKit.git

SPEC CHECKSUMS:
  JSQMessagesViewController: 70be735cbe86b74961870d1d9a2948af7ea2da9d
  JSQSystemSoundPlayer: c24914bc96ff5365b5d28b59d7ecffd60d1c5587
  MQTTKit: eca7270c24d16fe7865143d3e86f393f3275c544

COCOAPODS: 0.33.1
